
Microsoft Visual Studio Solution File, Format Version 11.00
# Visual Studio 2010
Project("{FAE04EC0-301F-11D3-BF4B-00C04F79EFBC}") = "APK Edit", "APK Edit\APK Edit.csproj", "{ECEE93A4-D620-48DD-A2D7-9F4ED7EC4406}"
EndProject
Project("{2150E333-8FDC-42A3-9474-1A3956D46DE8}") = "Wrappers", "Wrappers", "{FA8A6A90-4F55-49E2-8C51-27373FAEA55F}"
EndProject
Project("{FAE04EC0-301F-11D3-BF4B-00C04F79EFBC}") = "Aapt", "Wrappers\Wrappers.Aapt\Aapt.csproj", "{FD7D2FC3-7037-44B3-80FD-1798F3A15A96}"
EndProject
Project("{FAE04EC0-301F-11D3-BF4B-00C04F79EFBC}") = "Apktool", "Wrappers\Wrappers.Apktool\Apktool.csproj", "{1AAC66A7-C638-4B71-8A56-8725216E075C}"
EndProject
Project("{FAE04EC0-301F-11D3-BF4B-00C04F79EFBC}") = "Java", "Wrappers\Wrappers.Java\Java.csproj", "{0277F2C6-EF61-4EC7-A17C-8CD0663C0258}"
EndProject
Project("{FAE04EC0-301F-11D3-BF4B-00C04F79EFBC}") = "Signapk", "Wrappers\Wrappers.Signapk\Signapk.csproj", "{D8A98AC9-5E23-4282-9237-9AF81B8488CE}"
EndProject
Project("{2150E333-8FDC-42A3-9474-1A3956D46DE8}") = "Solution Items", "Solution Items", "{DDA2A4E6-0C41-49AA-98FB-D531896DCDD7}"
	ProjectSection(SolutionItems) = preProject
		README = README
	EndProjectSection
EndProject
Global
	GlobalSection(SubversionScc) = preSolution
		Svn-Managed = True
		Manager = AnkhSVN - Subversion Support for Visual Studio
	EndGlobalSection
	GlobalSection(SolutionConfigurationPlatforms) = preSolution
		Debug|Any CPU = Debug|Any CPU
		Debug|Mixed Platforms = Debug|Mixed Platforms
		Debug|x86 = Debug|x86
		Release|Any CPU = Release|Any CPU
		Release|Mixed Platforms = Release|Mixed Platforms
		Release|x86 = Release|x86
	EndGlobalSection
	GlobalSection(ProjectConfigurationPlatforms) = postSolution
		{ECEE93A4-D620-48DD-A2D7-9F4ED7EC4406}.Debug|Any CPU.ActiveCfg = Debug|x86
		{ECEE93A4-D620-48DD-A2D7-9F4ED7EC4406}.Debug|Mixed Platforms.ActiveCfg = Debug|x86
		{ECEE93A4-D620-48DD-A2D7-9F4ED7EC4406}.Debug|Mixed Platforms.Build.0 = Debug|x86
		{ECEE93A4-D620-48DD-A2D7-9F4ED7EC4406}.Debug|x86.ActiveCfg = Debug|x86
		{ECEE93A4-D620-48DD-A2D7-9F4ED7EC4406}.Debug|x86.Build.0 = Debug|x86
		{ECEE93A4-D620-48DD-A2D7-9F4ED7EC4406}.Release|Any CPU.ActiveCfg = Release|x86
		{ECEE93A4-D620-48DD-A2D7-9F4ED7EC4406}.Release|Mixed Platforms.ActiveCfg = Release|x86
		{ECEE93A4-D620-48DD-A2D7-9F4ED7EC4406}.Release|Mixed Platforms.Build.0 = Release|x86
		{ECEE93A4-D620-48DD-A2D7-9F4ED7EC4406}.Release|x86.ActiveCfg = Release|x86
		{ECEE93A4-D620-48DD-A2D7-9F4ED7EC4406}.Release|x86.Build.0 = Release|x86
		{FD7D2FC3-7037-44B3-80FD-1798F3A15A96}.Debug|Any CPU.ActiveCfg = Debug|Any CPU
		{FD7D2FC3-7037-44B3-80FD-1798F3A15A96}.Debug|Any CPU.Build.0 = Debug|Any CPU
		{FD7D2FC3-7037-44B3-80FD-1798F3A15A96}.Debug|Mixed Platforms.ActiveCfg = Debug|Any CPU
		{FD7D2FC3-7037-44B3-80FD-1798F3A15A96}.Debug|Mixed Platforms.Build.0 = Debug|Any CPU
		{FD7D2FC3-7037-44B3-80FD-1798F3A15A96}.Debug|x86.ActiveCfg = Debug|Any CPU
		{FD7D2FC3-7037-44B3-80FD-1798F3A15A96}.Release|Any CPU.ActiveCfg = Release|Any CPU
		{FD7D2FC3-7037-44B3-80FD-1798F3A15A96}.Release|Any CPU.Build.0 = Release|Any CPU
		{FD7D2FC3-7037-44B3-80FD-1798F3A15A96}.Release|Mixed Platforms.ActiveCfg = Release|Any CPU
		{FD7D2FC3-7037-44B3-80FD-1798F3A15A96}.Release|Mixed Platforms.Build.0 = Release|Any CPU
		{FD7D2FC3-7037-44B3-80FD-1798F3A15A96}.Release|x86.ActiveCfg = Release|Any CPU
		{1AAC66A7-C638-4B71-8A56-8725216E075C}.Debug|Any CPU.ActiveCfg = Debug|Any CPU
		{1AAC66A7-C638-4B71-8A56-8725216E075C}.Debug|Any CPU.Build.0 = Debug|Any CPU
		{1AAC66A7-C638-4B71-8A56-8725216E075C}.Debug|Mixed Platforms.ActiveCfg = Debug|Any CPU
		{1AAC66A7-C638-4B71-8A56-8725216E075C}.Debug|Mixed Platforms.Build.0 = Debug|Any CPU
		{1AAC66A7-C638-4B71-8A56-8725216E075C}.Debug|x86.ActiveCfg = Debug|Any CPU
		{1AAC66A7-C638-4B71-8A56-8725216E075C}.Release|Any CPU.ActiveCfg = Release|Any CPU
		{1AAC66A7-C638-4B71-8A56-8725216E075C}.Release|Any CPU.Build.0 = Release|Any CPU
		{1AAC66A7-C638-4B71-8A56-8725216E075C}.Release|Mixed Platforms.ActiveCfg = Release|Any CPU
		{1AAC66A7-C638-4B71-8A56-8725216E075C}.Release|Mixed Platforms.Build.0 = Release|Any CPU
		{1AAC66A7-C638-4B71-8A56-8725216E075C}.Release|x86.ActiveCfg = Release|Any CPU
		{0277F2C6-EF61-4EC7-A17C-8CD0663C0258}.Debug|Any CPU.ActiveCfg = Debug|Any CPU
		{0277F2C6-EF61-4EC7-A17C-8CD0663C0258}.Debug|Any CPU.Build.0 = Debug|Any CPU
		{0277F2C6-EF61-4EC7-A17C-8CD0663C0258}.Debug|Mixed Platforms.ActiveCfg = Debug|Any CPU
		{0277F2C6-EF61-4EC7-A17C-8CD0663C0258}.Debug|Mixed Platforms.Build.0 = Debug|Any CPU
		{0277F2C6-EF61-4EC7-A17C-8CD0663C0258}.Debug|x86.ActiveCfg = Debug|Any CPU
		{0277F2C6-EF61-4EC7-A17C-8CD0663C0258}.Release|Any CPU.ActiveCfg = Release|Any CPU
		{0277F2C6-EF61-4EC7-A17C-8CD0663C0258}.Release|Any CPU.Build.0 = Release|Any CPU
		{0277F2C6-EF61-4EC7-A17C-8CD0663C0258}.Release|Mixed Platforms.ActiveCfg = Release|Any CPU
		{0277F2C6-EF61-4EC7-A17C-8CD0663C0258}.Release|Mixed Platforms.Build.0 = Release|Any CPU
		{0277F2C6-EF61-4EC7-A17C-8CD0663C0258}.Release|x86.ActiveCfg = Release|Any CPU
		{D8A98AC9-5E23-4282-9237-9AF81B8488CE}.Debug|Any CPU.ActiveCfg = Debug|Any CPU
		{D8A98AC9-5E23-4282-9237-9AF81B8488CE}.Debug|Any CPU.Build.0 = Debug|Any CPU
		{D8A98AC9-5E23-4282-9237-9AF81B8488CE}.Debug|Mixed Platforms.ActiveCfg = Debug|Any CPU
		{D8A98AC9-5E23-4282-9237-9AF81B8488CE}.Debug|Mixed Platforms.Build.0 = Debug|Any CPU
		{D8A98AC9-5E23-4282-9237-9AF81B8488CE}.Debug|x86.ActiveCfg = Debug|Any CPU
		{D8A98AC9-5E23-4282-9237-9AF81B8488CE}.Release|Any CPU.ActiveCfg = Release|Any CPU
		{D8A98AC9-5E23-4282-9237-9AF81B8488CE}.Release|Any CPU.Build.0 = Release|Any CPU
		{D8A98AC9-5E23-4282-9237-9AF81B8488CE}.Release|Mixed Platforms.ActiveCfg = Release|Any CPU
		{D8A98AC9-5E23-4282-9237-9AF81B8488CE}.Release|Mixed Platforms.Build.0 = Release|Any CPU
		{D8A98AC9-5E23-4282-9237-9AF81B8488CE}.Release|x86.ActiveCfg = Release|Any CPU
	EndGlobalSection
	GlobalSection(SolutionProperties) = preSolution
		HideSolutionNode = FALSE
	EndGlobalSection
	GlobalSection(NestedProjects) = preSolution
		{FD7D2FC3-7037-44B3-80FD-1798F3A15A96} = {FA8A6A90-4F55-49E2-8C51-27373FAEA55F}
		{1AAC66A7-C638-4B71-8A56-8725216E075C} = {FA8A6A90-4F55-49E2-8C51-27373FAEA55F}
		{0277F2C6-EF61-4EC7-A17C-8CD0663C0258} = {FA8A6A90-4F55-49E2-8C51-27373FAEA55F}
		{D8A98AC9-5E23-4282-9237-9AF81B8488CE} = {FA8A6A90-4F55-49E2-8C51-27373FAEA55F}
	EndGlobalSection
EndGlobal
